
Microsoft Visual Studio Solution File, Format Version 12.00
# Visual Studio Version 17
VisualStudioVersion = 17.1.32228.430
MinimumVisualStudioVersion = 10.0.40219.1
Project("{9A19103F-16F7-4668-BE54-9A1E7A4F7556}") = "01简单工厂模式", "简单工厂模式\01简单工厂模式.csproj", "{0A9C6613-67EE-4590-AE51-8F16309286EE}"
EndProject
Project("{9A19103F-16F7-4668-BE54-9A1E7A4F7556}") = "00面向对象基础", "0面向对象基础\00面向对象基础.csproj", "{56AD2E25-06E1-4D32-AB84-93270DD8839B}"
EndProject
Project("{9A19103F-16F7-4668-BE54-9A1E7A4F7556}") = "02策略模式", "2策略模式\02策略模式.csproj", "{E4C132E7-DF6A-4889-A74E-C8383A60C8E7}"
EndProject
Project("{9A19103F-16F7-4668-BE54-9A1E7A4F7556}") = "03装饰模式", "3装饰模式\03装饰模式.csproj", "{B0EDA321-DA47-411F-9124-44F1262D8989}"
EndProject
Project("{9A19103F-16F7-4668-BE54-9A1E7A4F7556}") = "04代理模式", "4代理模式\04代理模式.csproj", "{20C06AA6-5B10-4C45-BC5B-0F0DC95A6BB8}"
EndProject
Project("{9A19103F-16F7-4668-BE54-9A1E7A4F7556}") = "05工厂模式", "5工厂模式\05工厂模式.csproj", "{B858838E-ADC5-4235-A8CB-6DA596A3DFEF}"
EndProject
Project("{9A19103F-16F7-4668-BE54-9A1E7A4F7556}") = "06原型模式", "6原型模式\06原型模式.csproj", "{CA1F5CD8-75FA-4179-8315-0BB29101D922}"
EndProject
Project("{9A19103F-16F7-4668-BE54-9A1E7A4F7556}") = "07模板方法模式", "7模板方法模式\07模板方法模式.csproj", "{E3743BB5-857D-425E-88B5-2985D6FAFD14}"
EndProject
Project("{9A19103F-16F7-4668-BE54-9A1E7A4F7556}") = "08外观模式", "8外观模式\08外观模式.csproj", "{D8EAA477-6D41-417E-B598-4D3E7B4AF829}"
EndProject
Project("{9A19103F-16F7-4668-BE54-9A1E7A4F7556}") = "10观察者模式", "10观察者模式\10观察者模式.csproj", "{8DEEB9CA-3946-4FBE-B582-409D6547C945}"
EndProject
Project("{9A19103F-16F7-4668-BE54-9A1E7A4F7556}") = "11抽象工厂模式", "11抽象工厂模式\11抽象工厂模式.csproj", "{6F8CED8D-36F8-4E54-B224-BE52C770538B}"
EndProject
Project("{9A19103F-16F7-4668-BE54-9A1E7A4F7556}") = "12状态模式", "12状态模式\12状态模式.csproj", "{D9B17612-A728-4032-BB2E-C6337AC15582}"
EndProject
Project("{9A19103F-16F7-4668-BE54-9A1E7A4F7556}") = "13适配器模式", "13适配器模式\13适配器模式.csproj", "{70FCEB46-D4DA-459D-9E08-C8B7AEABF4E1}"
EndProject
Project("{9A19103F-16F7-4668-BE54-9A1E7A4F7556}") = "14备忘录模式", "14备忘录模式\14备忘录模式.csproj", "{D0CF2B4C-A0CE-4FAE-B880-9AEAB92EA91B}"
EndProject
Project("{9A19103F-16F7-4668-BE54-9A1E7A4F7556}") = "15组合模式", "15组合模式\15组合模式.csproj", "{0F933C68-A0B7-4384-BEBD-A9D24368771A}"
EndProject
Project("{9A19103F-16F7-4668-BE54-9A1E7A4F7556}") = "16迭代器模式", "16迭代器模式\16迭代器模式.csproj", "{71867AC8-C23B-4364-BED4-1CA8C2A8C44F}"
EndProject
Project("{9A19103F-16F7-4668-BE54-9A1E7A4F7556}") = "17单例模式", "17单例模式\17单例模式.csproj", "{8F302150-F220-48D9-9086-A704B60F1983}"
EndProject
Project("{9A19103F-16F7-4668-BE54-9A1E7A4F7556}") = "18桥接模式", "18桥接模式\18桥接模式.csproj", "{F1623C23-CB98-4F58-A1CD-C683A6F84015}"
EndProject
Project("{9A19103F-16F7-4668-BE54-9A1E7A4F7556}") = "19命令模式", "19命令模式\19命令模式.csproj", "{3B2AEB17-17D5-4B0B-9B74-3EDC4CB74619}"
EndProject
Project("{9A19103F-16F7-4668-BE54-9A1E7A4F7556}") = "20职责链模式", "20职责链模式\20职责链模式.csproj", "{311E1CC1-4D6D-45BA-8CDC-2DD8FFCF34B5}"
EndProject
Project("{9A19103F-16F7-4668-BE54-9A1E7A4F7556}") = "21中介者模式", "21中介者模式\21中介者模式.csproj", "{55B06821-4549-40A1-84D9-4B6460321014}"
EndProject
Project("{9A19103F-16F7-4668-BE54-9A1E7A4F7556}") = "22享元模式", "22享元模式\22享元模式.csproj", "{746A4621-8B8B-4D29-AD24-E6F1A76D0D23}"
EndProject
Project("{9A19103F-16F7-4668-BE54-9A1E7A4F7556}") = "23解释器模式", "23解释器模式\23解释器模式.csproj", "{75029627-5A41-4CA4-8C99-BE882A6844AF}"
EndProject
Project("{9A19103F-16F7-4668-BE54-9A1E7A4F7556}") = "24访问者模式", "24访问者模式\24访问者模式.csproj", "{A364FC37-8126-454E-85CC-5B422CB5635C}"
EndProject
Project("{FAE04EC0-301F-11D3-BF4B-00C04F79EFBC}") = "09建造者模式", "09建造者模式\09建造者模式.csproj", "{31BDCC17-243C-413B-940A-C26E6CC3044A}"
EndProject
Global
	GlobalSection(SolutionConfigurationPlatforms) = preSolution
		Debug|Any CPU = Debug|Any CPU
		Release|Any CPU = Release|Any CPU
	EndGlobalSection
	GlobalSection(ProjectConfigurationPlatforms) = postSolution
		{0A9C6613-67EE-4590-AE51-8F16309286EE}.Debug|Any CPU.ActiveCfg = Debug|Any CPU
		{0A9C6613-67EE-4590-AE51-8F16309286EE}.Debug|Any CPU.Build.0 = Debug|Any CPU
		{0A9C6613-67EE-4590-AE51-8F16309286EE}.Release|Any CPU.ActiveCfg = Release|Any CPU
		{0A9C6613-67EE-4590-AE51-8F16309286EE}.Release|Any CPU.Build.0 = Release|Any CPU
		{56AD2E25-06E1-4D32-AB84-93270DD8839B}.Debug|Any CPU.ActiveCfg = Debug|Any CPU
		{56AD2E25-06E1-4D32-AB84-93270DD8839B}.Debug|Any CPU.Build.0 = Debug|Any CPU
		{56AD2E25-06E1-4D32-AB84-93270DD8839B}.Release|Any CPU.ActiveCfg = Release|Any CPU
		{56AD2E25-06E1-4D32-AB84-93270DD8839B}.Release|Any CPU.Build.0 = Release|Any CPU
		{E4C132E7-DF6A-4889-A74E-C8383A60C8E7}.Debug|Any CPU.ActiveCfg = Debug|Any CPU
		{E4C132E7-DF6A-4889-A74E-C8383A60C8E7}.Debug|Any CPU.Build.0 = Debug|Any CPU
		{E4C132E7-DF6A-4889-A74E-C8383A60C8E7}.Release|Any CPU.ActiveCfg = Release|Any CPU
		{E4C132E7-DF6A-4889-A74E-C8383A60C8E7}.Release|Any CPU.Build.0 = Release|Any CPU
		{B0EDA321-DA47-411F-9124-44F1262D8989}.Debug|Any CPU.ActiveCfg = Debug|Any CPU
		{B0EDA321-DA47-411F-9124-44F1262D8989}.Debug|Any CPU.Build.0 = Debug|Any CPU
		{B0EDA321-DA47-411F-9124-44F1262D8989}.Release|Any CPU.ActiveCfg = Release|Any CPU
		{B0EDA321-DA47-411F-9124-44F1262D8989}.Release|Any CPU.Build.0 = Release|Any CPU
		{20C06AA6-5B10-4C45-BC5B-0F0DC95A6BB8}.Debug|Any CPU.ActiveCfg = Debug|Any CPU
		{20C06AA6-5B10-4C45-BC5B-0F0DC95A6BB8}.Debug|Any CPU.Build.0 = Debug|Any CPU
		{20C06AA6-5B10-4C45-BC5B-0F0DC95A6BB8}.Release|Any CPU.ActiveCfg = Release|Any CPU
		{20C06AA6-5B10-4C45-BC5B-0F0DC95A6BB8}.Release|Any CPU.Build.0 = Release|Any CPU
		{B858838E-ADC5-4235-A8CB-6DA596A3DFEF}.Debug|Any CPU.ActiveCfg = Debug|Any CPU
		{B858838E-ADC5-4235-A8CB-6DA596A3DFEF}.Debug|Any CPU.Build.0 = Debug|Any CPU
		{B858838E-ADC5-4235-A8CB-6DA596A3DFEF}.Release|Any CPU.ActiveCfg = Release|Any CPU
		{B858838E-ADC5-4235-A8CB-6DA596A3DFEF}.Release|Any CPU.Build.0 = Release|Any CPU
		{CA1F5CD8-75FA-4179-8315-0BB29101D922}.Debug|Any CPU.ActiveCfg = Debug|Any CPU
		{CA1F5CD8-75FA-4179-8315-0BB29101D922}.Debug|Any CPU.Build.0 = Debug|Any CPU
		{CA1F5CD8-75FA-4179-8315-0BB29101D922}.Release|Any CPU.ActiveCfg = Release|Any CPU
		{CA1F5CD8-75FA-4179-8315-0BB29101D922}.Release|Any CPU.Build.0 = Release|Any CPU
		{E3743BB5-857D-425E-88B5-2985D6FAFD14}.Debug|Any CPU.ActiveCfg = Debug|Any CPU
		{E3743BB5-857D-425E-88B5-2985D6FAFD14}.Debug|Any CPU.Build.0 = Debug|Any CPU
		{E3743BB5-857D-425E-88B5-2985D6FAFD14}.Release|Any CPU.ActiveCfg = Release|Any CPU
		{E3743BB5-857D-425E-88B5-2985D6FAFD14}.Release|Any CPU.Build.0 = Release|Any CPU
		{D8EAA477-6D41-417E-B598-4D3E7B4AF829}.Debug|Any CPU.ActiveCfg = Debug|Any CPU
		{D8EAA477-6D41-417E-B598-4D3E7B4AF829}.Debug|Any CPU.Build.0 = Debug|Any CPU
		{D8EAA477-6D41-417E-B598-4D3E7B4AF829}.Release|Any CPU.ActiveCfg = Release|Any CPU
		{D8EAA477-6D41-417E-B598-4D3E7B4AF829}.Release|Any CPU.Build.0 = Release|Any CPU
		{8DEEB9CA-3946-4FBE-B582-409D6547C945}.Debug|Any CPU.ActiveCfg = Debug|Any CPU
		{8DEEB9CA-3946-4FBE-B582-409D6547C945}.Debug|Any CPU.Build.0 = Debug|Any CPU
		{8DEEB9CA-3946-4FBE-B582-409D6547C945}.Release|Any CPU.ActiveCfg = Release|Any CPU
		{8DEEB9CA-3946-4FBE-B582-409D6547C945}.Release|Any CPU.Build.0 = Release|Any CPU
		{6F8CED8D-36F8-4E54-B224-BE52C770538B}.Debug|Any CPU.ActiveCfg = Debug|Any CPU
		{6F8CED8D-36F8-4E54-B224-BE52C770538B}.Debug|Any CPU.Build.0 = Debug|Any CPU
		{6F8CED8D-36F8-4E54-B224-BE52C770538B}.Release|Any CPU.ActiveCfg = Release|Any CPU
		{6F8CED8D-36F8-4E54-B224-BE52C770538B}.Release|Any CPU.Build.0 = Release|Any CPU
		{D9B17612-A728-4032-BB2E-C6337AC15582}.Debug|Any CPU.ActiveCfg = Debug|Any CPU
		{D9B17612-A728-4032-BB2E-C6337AC15582}.Debug|Any CPU.Build.0 = Debug|Any CPU
		{D9B17612-A728-4032-BB2E-C6337AC15582}.Release|Any CPU.ActiveCfg = Release|Any CPU
		{D9B17612-A728-4032-BB2E-C6337AC15582}.Release|Any CPU.Build.0 = Release|Any CPU
		{70FCEB46-D4DA-459D-9E08-C8B7AEABF4E1}.Debug|Any CPU.ActiveCfg = Debug|Any CPU
		{70FCEB46-D4DA-459D-9E08-C8B7AEABF4E1}.Debug|Any CPU.Build.0 = Debug|Any CPU
		{70FCEB46-D4DA-459D-9E08-C8B7AEABF4E1}.Release|Any CPU.ActiveCfg = Release|Any CPU
		{70FCEB46-D4DA-459D-9E08-C8B7AEABF4E1}.Release|Any CPU.Build.0 = Release|Any CPU
		{D0CF2B4C-A0CE-4FAE-B880-9AEAB92EA91B}.Debug|Any CPU.ActiveCfg = Debug|Any CPU
		{D0CF2B4C-A0CE-4FAE-B880-9AEAB92EA91B}.Debug|Any CPU.Build.0 = Debug|Any CPU
		{D0CF2B4C-A0CE-4FAE-B880-9AEAB92EA91B}.Release|Any CPU.ActiveCfg = Release|Any CPU
		{D0CF2B4C-A0CE-4FAE-B880-9AEAB92EA91B}.Release|Any CPU.Build.0 = Release|Any CPU
		{0F933C68-A0B7-4384-BEBD-A9D24368771A}.Debug|Any CPU.ActiveCfg = Debug|Any CPU
		{0F933C68-A0B7-4384-BEBD-A9D24368771A}.Debug|Any CPU.Build.0 = Debug|Any CPU
		{0F933C68-A0B7-4384-BEBD-A9D24368771A}.Release|Any CPU.ActiveCfg = Release|Any CPU
		{0F933C68-A0B7-4384-BEBD-A9D24368771A}.Release|Any CPU.Build.0 = Release|Any CPU
		{71867AC8-C23B-4364-BED4-1CA8C2A8C44F}.Debug|Any CPU.ActiveCfg = Debug|Any CPU
		{71867AC8-C23B-4364-BED4-1CA8C2A8C44F}.Debug|Any CPU.Build.0 = Debug|Any CPU
		{71867AC8-C23B-4364-BED4-1CA8C2A8C44F}.Release|Any CPU.ActiveCfg = Release|Any CPU
		{71867AC8-C23B-4364-BED4-1CA8C2A8C44F}.Release|Any CPU.Build.0 = Release|Any CPU
		{8F302150-F220-48D9-9086-A704B60F1983}.Debug|Any CPU.ActiveCfg = Debug|Any CPU
		{8F302150-F220-48D9-9086-A704B60F1983}.Debug|Any CPU.Build.0 = Debug|Any CPU
		{8F302150-F220-48D9-9086-A704B60F1983}.Release|Any CPU.ActiveCfg = Release|Any CPU
		{8F302150-F220-48D9-9086-A704B60F1983}.Release|Any CPU.Build.0 = Release|Any CPU
		{F1623C23-CB98-4F58-A1CD-C683A6F84015}.Debug|Any CPU.ActiveCfg = Debug|Any CPU
		{F1623C23-CB98-4F58-A1CD-C683A6F84015}.Debug|Any CPU.Build.0 = Debug|Any CPU
		{F1623C23-CB98-4F58-A1CD-C683A6F84015}.Release|Any CPU.ActiveCfg = Release|Any CPU
		{F1623C23-CB98-4F58-A1CD-C683A6F84015}.Release|Any CPU.Build.0 = Release|Any CPU
		{3B2AEB17-17D5-4B0B-9B74-3EDC4CB74619}.Debug|Any CPU.ActiveCfg = Debug|Any CPU
		{3B2AEB17-17D5-4B0B-9B74-3EDC4CB74619}.Debug|Any CPU.Build.0 = Debug|Any CPU
		{3B2AEB17-17D5-4B0B-9B74-3EDC4CB74619}.Release|Any CPU.ActiveCfg = Release|Any CPU
		{3B2AEB17-17D5-4B0B-9B74-3EDC4CB74619}.Release|Any CPU.Build.0 = Release|Any CPU
		{311E1CC1-4D6D-45BA-8CDC-2DD8FFCF34B5}.Debug|Any CPU.ActiveCfg = Debug|Any CPU
		{311E1CC1-4D6D-45BA-8CDC-2DD8FFCF34B5}.Debug|Any CPU.Build.0 = Debug|Any CPU
		{311E1CC1-4D6D-45BA-8CDC-2DD8FFCF34B5}.Release|Any CPU.ActiveCfg = Release|Any CPU
		{311E1CC1-4D6D-45BA-8CDC-2DD8FFCF34B5}.Release|Any CPU.Build.0 = Release|Any CPU
		{55B06821-4549-40A1-84D9-4B6460321014}.Debug|Any CPU.ActiveCfg = Debug|Any CPU
		{55B06821-4549-40A1-84D9-4B6460321014}.Debug|Any CPU.Build.0 = Debug|Any CPU
		{55B06821-4549-40A1-84D9-4B6460321014}.Release|Any CPU.ActiveCfg = Release|Any CPU
		{55B06821-4549-40A1-84D9-4B6460321014}.Release|Any CPU.Build.0 = Release|Any CPU
		{746A4621-8B8B-4D29-AD24-E6F1A76D0D23}.Debug|Any CPU.ActiveCfg = Debug|Any CPU
		{746A4621-8B8B-4D29-AD24-E6F1A76D0D23}.Debug|Any CPU.Build.0 = Debug|Any CPU
		{746A4621-8B8B-4D29-AD24-E6F1A76D0D23}.Release|Any CPU.ActiveCfg = Release|Any CPU
		{746A4621-8B8B-4D29-AD24-E6F1A76D0D23}.Release|Any CPU.Build.0 = Release|Any CPU
		{75029627-5A41-4CA4-8C99-BE882A6844AF}.Debug|Any CPU.ActiveCfg = Debug|Any CPU
		{75029627-5A41-4CA4-8C99-BE882A6844AF}.Debug|Any CPU.Build.0 = Debug|Any CPU
		{75029627-5A41-4CA4-8C99-BE882A6844AF}.Release|Any CPU.ActiveCfg = Release|Any CPU
		{75029627-5A41-4CA4-8C99-BE882A6844AF}.Release|Any CPU.Build.0 = Release|Any CPU
		{A364FC37-8126-454E-85CC-5B422CB5635C}.Debug|Any CPU.ActiveCfg = Debug|Any CPU
		{A364FC37-8126-454E-85CC-5B422CB5635C}.Debug|Any CPU.Build.0 = Debug|Any CPU
		{A364FC37-8126-454E-85CC-5B422CB5635C}.Release|Any CPU.ActiveCfg = Release|Any CPU
		{A364FC37-8126-454E-85CC-5B422CB5635C}.Release|Any CPU.Build.0 = Release|Any CPU
		{31BDCC17-243C-413B-940A-C26E6CC3044A}.Debug|Any CPU.ActiveCfg = Debug|Any CPU
		{31BDCC17-243C-413B-940A-C26E6CC3044A}.Debug|Any CPU.Build.0 = Debug|Any CPU
		{31BDCC17-243C-413B-940A-C26E6CC3044A}.Release|Any CPU.ActiveCfg = Release|Any CPU
		{31BDCC17-243C-413B-940A-C26E6CC3044A}.Release|Any CPU.Build.0 = Release|Any CPU
	EndGlobalSection
	GlobalSection(SolutionProperties) = preSolution
		HideSolutionNode = FALSE
	EndGlobalSection
	GlobalSection(ExtensibilityGlobals) = postSolution
		SolutionGuid = {F98C4C8E-8917-4F4A-A67B-08933A0CF006}
	EndGlobalSection
EndGlobal
